
Microsoft Visual Studio Solution File, Format Version 12.00
# Visual Studio Version 17
VisualStudioVersion = 17.9.34622.214
MinimumVisualStudioVersion = 10.0.40219.1
Project("{FAE04EC0-301F-11D3-BF4B-00C04F79EFBC}") = "Chat_UDP", "Chat_UDP\Chat_UDP.csproj", "{8FA867D4-DA7C-47A3-BE14-EB2A9C489BB3}"
EndProject
Global
	GlobalSection(SolutionConfigurationPlatforms) = preSolution
		Debug|Any CPU = Debug|Any CPU
		Release|Any CPU = Release|Any CPU
	EndGlobalSection
	GlobalSection(ProjectConfigurationPlatforms) = postSolution
		{8FA867D4-DA7C-47A3-BE14-EB2A9C489BB3}.Debug|Any CPU.ActiveCfg = Debug|Any CPU
		{8FA867D4-DA7C-47A3-BE14-EB2A9C489BB3}.Debug|Any CPU.Build.0 = Debug|Any CPU
		{8FA867D4-DA7C-47A3-BE14-EB2A9C489BB3}.Release|Any CPU.ActiveCfg = Release|Any CPU
		{8FA867D4-DA7C-47A3-BE14-EB2A9C489BB3}.Release|Any CPU.Build.0 = Release|Any CPU
	EndGlobalSection
	GlobalSection(SolutionProperties) = preSolution
		HideSolutionNode = FALSE
	EndGlobalSection
	GlobalSection(ExtensibilityGlobals) = postSolution
		SolutionGuid = {CCA58D17-4C63-4160-900E-3B5497D32487}
	EndGlobalSection
EndGlobal
